
Microsoft Visual Studio Solution File, Format Version 12.00
# Visual Studio Version 16
VisualStudioVersion = 16.0.31911.196
MinimumVisualStudioVersion = 10.0.40219.1
Project("{FAE04EC0-301F-11D3-BF4B-00C04F79EFBC}") = "Amazon.UITests", "Amazon.UITests\Amazon.UITests.csproj", "{EC851215-282C-4F0B-AD9A-B61C9ACE05B8}"
EndProject
Global
	GlobalSection(SolutionConfigurationPlatforms) = preSolution
		Debug|Any CPU = Debug|Any CPU
		Release|Any CPU = Release|Any CPU
	EndGlobalSection
	GlobalSection(ProjectConfigurationPlatforms) = postSolution
		{EC851215-282C-4F0B-AD9A-B61C9ACE05B8}.Debug|Any CPU.ActiveCfg = Debug|Any CPU
		{EC851215-282C-4F0B-AD9A-B61C9ACE05B8}.Debug|Any CPU.Build.0 = Debug|Any CPU
		{EC851215-282C-4F0B-AD9A-B61C9ACE05B8}.Release|Any CPU.ActiveCfg = Release|Any CPU
		{EC851215-282C-4F0B-AD9A-B61C9ACE05B8}.Release|Any CPU.Build.0 = Release|Any CPU
	EndGlobalSection
	GlobalSection(SolutionProperties) = preSolution
		HideSolutionNode = FALSE
	EndGlobalSection
	GlobalSection(ExtensibilityGlobals) = postSolution
		SolutionGuid = {F7175A00-3953-480F-863D-56AA2A57B556}
	EndGlobalSection
EndGlobal
